// !$*UTF8*$!
{
	archiveVersion = 1;
	classes = {
	};
	objectVersion = 46;
	objects = {

/* Begin PBXBuildFile section */
		530450401E61238D00A8F0E9 /* ralts-icon.icns in Resources */ = {isa = PBXBuildFile; fileRef = 5304503F1E61238D00A8F0E9 /* ralts-icon.icns */; };
		530450421E613A7C00A8F0E9 /* PokemonTypeColor.swift in Sources */ = {isa = PBXBuildFile; fileRef = 530450411E613A7C00A8F0E9 /* PokemonTypeColor.swift */; };
		530450441E6149C400A8F0E9 /* PokemonTypes.swift in Sources */ = {isa = PBXBuildFile; fileRef = 530450431E6149C400A8F0E9 /* PokemonTypes.swift */; };
		535F23311E60A640005FCF34 /* PokeCell.swift in Sources */ = {isa = PBXBuildFile; fileRef = 535F23301E60A640005FCF34 /* PokeCell.swift */; };
		535F23331E60BC05005FCF34 /* pokemon-types.csv in Resources */ = {isa = PBXBuildFile; fileRef = 535F23321E60BC05005FCF34 /* pokemon-types.csv */; };
		53ECC89A1E600DB50095D5C9 /* AppDelegate.swift in Sources */ = {isa = PBXBuildFile; fileRef = 53ECC8991E600DB50095D5C9 /* AppDelegate.swift */; };
		53ECC89F1E600DB50095D5C9 /* Main.storyboard in Resources */ = {isa = PBXBuildFile; fileRef = 53ECC89D1E600DB50095D5C9 /* Main.storyboard */; };
		53ECC8A11E600DB50095D5C9 /* Assets.xcassets in Resources */ = {isa = PBXBuildFile; fileRef = 53ECC8A01E600DB50095D5C9 /* Assets.xcassets */; };
		53ECC8A41E600DB50095D5C9 /* LaunchScreen.storyboard in Resources */ = {isa = PBXBuildFile; fileRef = 53ECC8A21E600DB50095D5C9 /* LaunchScreen.storyboard */; };
		53ECC8B21E600E250095D5C9 /* PokedexVC.swift in Sources */ = {isa = PBXBuildFile; fileRef = 53ECC8B11E600E250095D5C9 /* PokedexVC.swift */; };
		53ECC8B41E600E590095D5C9 /* pokemon.csv in Resources */ = {isa = PBXBuildFile; fileRef = 53ECC8B31E600E590095D5C9 /* pokemon.csv */; };
		53ECC8B61E600EA60095D5C9 /* pokeapi-data.plist in Resources */ = {isa = PBXBuildFile; fileRef = 53ECC8B51E600EA60095D5C9 /* pokeapi-data.plist */; };
		53ECC8B81E600F010095D5C9 /* PokemonInfoVC.swift in Sources */ = {isa = PBXBuildFile; fileRef = 53ECC8B71E600F010095D5C9 /* PokemonInfoVC.swift */; };
		53ECC8BA1E600FD00095D5C9 /* Extensions.swift in Sources */ = {isa = PBXBuildFile; fileRef = 53ECC8B91E600FD00095D5C9 /* Extensions.swift */; };
		53ECC8BC1E600FD80095D5C9 /* ParsePokemonCSV.swift in Sources */ = {isa = PBXBuildFile; fileRef = 53ECC8BB1E600FD80095D5C9 /* ParsePokemonCSV.swift */; };
		53ECC8BE1E600FF00095D5C9 /* APIData.swift in Sources */ = {isa = PBXBuildFile; fileRef = 53ECC8BD1E600FF00095D5C9 /* APIData.swift */; };
		53ECC8C01E60100F0095D5C9 /* CONSTANTS.swift in Sources */ = {isa = PBXBuildFile; fileRef = 53ECC8BF1E60100F0095D5C9 /* CONSTANTS.swift */; };
		53ECC8C41E6010F60095D5C9 /* Pokemon.swift in Sources */ = {isa = PBXBuildFile; fileRef = 53ECC8C31E6010F60095D5C9 /* Pokemon.swift */; };
		53ECC8C61E6011380095D5C9 /* PokemonType.swift in Sources */ = {isa = PBXBuildFile; fileRef = 53ECC8C51E6011380095D5C9 /* PokemonType.swift */; };
/* End PBXBuildFile section */

/* Begin PBXFileReference section */
		5304503F1E61238D00A8F0E9 /* ralts-icon.icns */ = {isa = PBXFileReference; lastKnownFileType = image.icns; path = "ralts-icon.icns"; sourceTree = "<group>"; };
		530450411E613A7C00A8F0E9 /* PokemonTypeColor.swift */ = {isa = PBXFileReference; fileEncoding = 4; lastKnownFileType = sourcecode.swift; path = PokemonTypeColor.swift; sourceTree = "<group>"; };
		530450431E6149C400A8F0E9 /* PokemonTypes.swift */ = {isa = PBXFileReference; fileEncoding = 4; lastKnownFileType = sourcecode.swift; path = PokemonTypes.swift; sourceTree = "<group>"; };
		535F23301E60A640005FCF34 /* PokeCell.swift */ = {isa = PBXFileReference; fileEncoding = 4; lastKnownFileType = sourcecode.swift; path = PokeCell.swift; sourceTree = "<group>"; };
		535F23321E60BC05005FCF34 /* pokemon-types.csv */ = {isa = PBXFileReference; fileEncoding = 4; lastKnownFileType = text; path = "pokemon-types.csv"; sourceTree = "<group>"; };
		53ECC8961E600DB50095D5C9 /* PokemonApp.app */ = {isa = PBXFileReference; explicitFileType = wrapper.application; includeInIndex = 0; path = PokemonApp.app; sourceTree = BUILT_PRODUCTS_DIR; };
		53ECC8991E600DB50095D5C9 /* AppDelegate.swift */ = {isa = PBXFileReference; lastKnownFileType = sourcecode.swift; path = AppDelegate.swift; sourceTree = "<group>"; };
		53ECC89E1E600DB50095D5C9 /* Base */ = {isa = PBXFileReference; lastKnownFileType = file.storyboard; name = Base; path = Base.lproj/Main.storyboard; sourceTree = "<group>"; };
		53ECC8A01E600DB50095D5C9 /* Assets.xcassets */ = {isa = PBXFileReference; lastKnownFileType = folder.assetcatalog; path = Assets.xcassets; sourceTree = "<group>"; };
		53ECC8A31E600DB50095D5C9 /* Base */ = {isa = PBXFileReference; lastKnownFileType = file.storyboard; name = Base; path = Base.lproj/LaunchScreen.storyboard; sourceTree = "<group>"; };
		53ECC8A51E600DB50095D5C9 /* Info.plist */ = {isa = PBXFileReference; lastKnownFileType = text.plist.xml; path = Info.plist; sourceTree = "<group>"; };
		53ECC8B11E600E250095D5C9 /* PokedexVC.swift */ = {isa = PBXFileReference; fileEncoding = 4; lastKnownFileType = sourcecode.swift; path = PokedexVC.swift; sourceTree = "<group>"; };
		53ECC8B31E600E590095D5C9 /* pokemon.csv */ = {isa = PBXFileReference; fileEncoding = 4; lastKnownFileType = text; path = pokemon.csv; sourceTree = "<group>"; };
		53ECC8B51E600EA60095D5C9 /* pokeapi-data.plist */ = {isa = PBXFileReference; fileEncoding = 4; lastKnownFileType = text.plist.xml; path = "pokeapi-data.plist"; sourceTree = "<group>"; };
		53ECC8B71E600F010095D5C9 /* PokemonInfoVC.swift */ = {isa = PBXFileReference; fileEncoding = 4; lastKnownFileType = sourcecode.swift; path = PokemonInfoVC.swift; sourceTree = "<group>"; };
		53ECC8B91E600FD00095D5C9 /* Extensions.swift */ = {isa = PBXFileReference; fileEncoding = 4; lastKnownFileType = sourcecode.swift; path = Extensions.swift; sourceTree = "<group>"; };
		53ECC8BB1E600FD80095D5C9 /* ParsePokemonCSV.swift */ = {isa = PBXFileReference; fileEncoding = 4; lastKnownFileType = sourcecode.swift; path = ParsePokemonCSV.swift; sourceTree = "<group>"; };
		53ECC8BD1E600FF00095D5C9 /* APIData.swift */ = {isa = PBXFileReference; fileEncoding = 4; lastKnownFileType = sourcecode.swift; path = APIData.swift; sourceTree = "<group>"; };
		53ECC8BF1E60100F0095D5C9 /* CONSTANTS.swift */ = {isa = PBXFileReference; fileEncoding = 4; lastKnownFileType = sourcecode.swift; path = CONSTANTS.swift; sourceTree = "<group>"; };
		53ECC8C31E6010F60095D5C9 /* Pokemon.swift */ = {isa = PBXFileReference; fileEncoding = 4; lastKnownFileType = sourcecode.swift; path = Pokemon.swift; sourceTree = "<group>"; };
		53ECC8C51E6011380095D5C9 /* PokemonType.swift */ = {isa = PBXFileReference; fileEncoding = 4; lastKnownFileType = sourcecode.swift; path = PokemonType.swift; sourceTree = "<group>"; };
/* End PBXFileReference section */

/* Begin PBXFrameworksBuildPhase section */
		53ECC8931E600DB50095D5C9 /* Frameworks */ = {
			isa = PBXFrameworksBuildPhase;
			buildActionMask = 2147483647;
			files = (
			);
			runOnlyForDeploymentPostprocessing = 0;
		};
/* End PBXFrameworksBuildPhase section */

/* Begin PBXGroup section */
		53ECC88D1E600DB50095D5C9 = {
			isa = PBXGroup;
			children = (
				53ECC8981E600DB50095D5C9 /* PokemonApp */,
				53ECC8971E600DB50095D5C9 /* Products */,
			);
			sourceTree = "<group>";
		};
		53ECC8971E600DB50095D5C9 /* Products */ = {
			isa = PBXGroup;
			children = (
				53ECC8961E600DB50095D5C9 /* PokemonApp.app */,
			);
			name = Products;
			sourceTree = "<group>";
		};
		53ECC8981E600DB50095D5C9 /* PokemonApp */ = {
			isa = PBXGroup;
			children = (
				53ECC8B01E600DE00095D5C9 /* View */,
				53ECC8AF1E600DDB0095D5C9 /* Model */,
				53ECC8AE1E600DD50095D5C9 /* Controller */,
				53ECC8AD1E600DD00095D5C9 /* Utilities */,
				53ECC8AC1E600DC80095D5C9 /* Constants */,
				53ECC8AB1E600DBF0095D5C9 /* Resources */,
				53ECC8A01E600DB50095D5C9 /* Assets.xcassets */,
				53ECC89D1E600DB50095D5C9 /* Main.storyboard */,
				53ECC8A21E600DB50095D5C9 /* LaunchScreen.storyboard */,
				53ECC8A51E600DB50095D5C9 /* Info.plist */,
			);
			path = PokemonApp;
			sourceTree = "<group>";
		};
		53ECC8AB1E600DBF0095D5C9 /* Resources */ = {
			isa = PBXGroup;
			children = (
				5304503F1E61238D00A8F0E9 /* ralts-icon.icns */,
				53ECC8B31E600E590095D5C9 /* pokemon.csv */,
				535F23321E60BC05005FCF34 /* pokemon-types.csv */,
				53ECC8B51E600EA60095D5C9 /* pokeapi-data.plist */,
			);
			name = Resources;
			sourceTree = "<group>";
		};
		53ECC8AC1E600DC80095D5C9 /* Constants */ = {
			isa = PBXGroup;
			children = (
				53ECC8BF1E60100F0095D5C9 /* CONSTANTS.swift */,
				530450431E6149C400A8F0E9 /* PokemonTypes.swift */,
				530450411E613A7C00A8F0E9 /* PokemonTypeColor.swift */,
			);
			name = Constants;
			sourceTree = "<group>";
		};
		53ECC8AD1E600DD00095D5C9 /* Utilities */ = {
			isa = PBXGroup;
			children = (
				53ECC8B91E600FD00095D5C9 /* Extensions.swift */,
				53ECC8BB1E600FD80095D5C9 /* ParsePokemonCSV.swift */,
			);
			name = Utilities;
			sourceTree = "<group>";
		};
		53ECC8AE1E600DD50095D5C9 /* Controller */ = {
			isa = PBXGroup;
			children = (
				53ECC8B11E600E250095D5C9 /* PokedexVC.swift */,
				53ECC8B71E600F010095D5C9 /* PokemonInfoVC.swift */,
			);
			name = Controller;
			sourceTree = "<group>";
		};
		53ECC8AF1E600DDB0095D5C9 /* Model */ = {
			isa = PBXGroup;
			children = (
				53ECC8991E600DB50095D5C9 /* AppDelegate.swift */,
				53ECC8BD1E600FF00095D5C9 /* APIData.swift */,
				53ECC8C31E6010F60095D5C9 /* Pokemon.swift */,
				53ECC8C51E6011380095D5C9 /* PokemonType.swift */,
				535F23301E60A640005FCF34 /* PokeCell.swift */,
			);
			name = Model;
			sourceTree = "<group>";
		};
		53ECC8B01E600DE00095D5C9 /* View */ = {
			isa = PBXGroup;
			children = (
			);
			name = View;
			sourceTree = "<group>";
		};
/* End PBXGroup section */

/* Begin PBXNativeTarget section */
		53ECC8951E600DB50095D5C9 /* PokemonApp */ = {
			isa = PBXNativeTarget;
			buildConfigurationList = 53ECC8A81E600DB50095D5C9 /* Build configuration list for PBXNativeTarget "PokemonApp" */;
			buildPhases = (
				53ECC8921E600DB50095D5C9 /* Sources */,
				53ECC8931E600DB50095D5C9 /* Frameworks */,
				53ECC8941E600DB50095D5C9 /* Resources */,
			);
			buildRules = (
			);
			dependencies = (
			);
			name = PokemonApp;
			productName = PokemonApp;
			productReference = 53ECC8961E600DB50095D5C9 /* PokemonApp.app */;
			productType = "com.apple.product-type.application";
		};
/* End PBXNativeTarget section */

/* Begin PBXProject section */
		53ECC88E1E600DB50095D5C9 /* Project object */ = {
			isa = PBXProject;
			attributes = {
				LastSwiftUpdateCheck = 0820;
				LastUpgradeCheck = 0820;
				ORGANIZATIONNAME = iDara09;
				TargetAttributes = {
					53ECC8951E600DB50095D5C9 = {
						CreatedOnToolsVersion = 8.2.1;
						DevelopmentTeam = J58QF9TXDQ;
						ProvisioningStyle = Automatic;
					};
				};
			};
			buildConfigurationList = 53ECC8911E600DB50095D5C9 /* Build configuration list for PBXProject "PokemonApp" */;
			compatibilityVersion = "Xcode 3.2";
			developmentRegion = English;
			hasScannedForEncodings = 0;
			knownRegions = (
				en,
				Base,
			);
			mainGroup = 53ECC88D1E600DB50095D5C9;
			productRefGroup = 53ECC8971E600DB50095D5C9 /* Products */;
			projectDirPath = "";
			projectRoot = "";
			targets = (
				53ECC8951E600DB50095D5C9 /* PokemonApp */,
			);
		};
/* End PBXProject section */

/* Begin PBXResourcesBuildPhase section */
		53ECC8941E600DB50095D5C9 /* Resources */ = {
			isa = PBXResourcesBuildPhase;
			buildActionMask = 2147483647;
			files = (
				535F23331E60BC05005FCF34 /* pokemon-types.csv in Resources */,
				53ECC8A41E600DB50095D5C9 /* LaunchScreen.storyboard in Resources */,
				53ECC8B61E600EA60095D5C9 /* pokeapi-data.plist in Resources */,
				53ECC8A11E600DB50095D5C9 /* Assets.xcassets in Resources */,
				530450401E61238D00A8F0E9 /* ralts-icon.icns in Resources */,
				53ECC8B41E600E590095D5C9 /* pokemon.csv in Resources */,
				53ECC89F1E600DB50095D5C9 /* Main.storyboard in Resources */,
			);
			runOnlyForDeploymentPostprocessing = 0;
		};
/* End PBXResourcesBuildPhase section */

/* Begin PBXSourcesBuildPhase section */
		53ECC8921E600DB50095D5C9 /* Sources */ = {
			isa = PBXSourcesBuildPhase;
			buildActionMask = 2147483647;
			files = (
				53ECC8BE1E600FF00095D5C9 /* APIData.swift in Sources */,
				530450421E613A7C00A8F0E9 /* PokemonTypeColor.swift in Sources */,
				53ECC8C41E6010F60095D5C9 /* Pokemon.swift in Sources */,
				53ECC8BC1E600FD80095D5C9 /* ParsePokemonCSV.swift in Sources */,
				53ECC8B21E600E250095D5C9 /* PokedexVC.swift in Sources */,
				53ECC89A1E600DB50095D5C9 /* AppDelegate.swift in Sources */,
				53ECC8C01E60100F0095D5C9 /* CONSTANTS.swift in Sources */,
				530450441E6149C400A8F0E9 /* PokemonTypes.swift in Sources */,
				53ECC8C61E6011380095D5C9 /* PokemonType.swift in Sources */,
				53ECC8B81E600F010095D5C9 /* PokemonInfoVC.swift in Sources */,
				535F23311E60A640005FCF34 /* PokeCell.swift in Sources */,
				53ECC8BA1E600FD00095D5C9 /* Extensions.swift in Sources */,
			);
			runOnlyForDeploymentPostprocessing = 0;
		};
/* End PBXSourcesBuildPhase section */

/* Begin PBXVariantGroup section */
		53ECC89D1E600DB50095D5C9 /* Main.storyboard */ = {
			isa = PBXVariantGroup;
			children = (
				53ECC89E1E600DB50095D5C9 /* Base */,
			);
			name = Main.storyboard;
			sourceTree = "<group>";
		};
		53ECC8A21E600DB50095D5C9 /* LaunchScreen.storyboard */ = {
			isa = PBXVariantGroup;
			children = (
				53ECC8A31E600DB50095D5C9 /* Base */,
			);
			name = LaunchScreen.storyboard;
			sourceTree = "<group>";
		};
/* End PBXVariantGroup section */

/* Begin XCBuildConfiguration section */
		53ECC8A61E600DB50095D5C9 /* Debug */ = {
			isa = XCBuildConfiguration;
			buildSettings = {
				ALWAYS_SEARCH_USER_PATHS = NO;
				CLANG_ANALYZER_NONNULL = YES;
				CLANG_CXX_LANGUAGE_STANDARD = "gnu++0x";
				CLANG_CXX_LIBRARY = "libc++";
				CLANG_ENABLE_MODULES = YES;
				CLANG_ENABLE_OBJC_ARC = YES;
				CLANG_WARN_BOOL_CONVERSION = YES;
				CLANG_WARN_CONSTANT_CONVERSION = YES;
				CLANG_WARN_DIRECT_OBJC_ISA_USAGE = YES_ERROR;
				CLANG_WARN_DOCUMENTATION_COMMENTS = YES;
				CLANG_WARN_EMPTY_BODY = YES;
				CLANG_WARN_ENUM_CONVERSION = YES;
				CLANG_WARN_INFINITE_RECURSION = YES;
				CLANG_WARN_INT_CONVERSION = YES;
				CLANG_WARN_OBJC_ROOT_CLASS = YES_ERROR;
				CLANG_WARN_SUSPICIOUS_MOVE = YES;
				CLANG_WARN_UNREACHABLE_CODE = YES;
				CLANG_WARN__DUPLICATE_METHOD_MATCH = YES;
				"CODE_SIGN_IDENTITY[sdk=iphoneos*]" = "iPhone Developer";
				COPY_PHASE_STRIP = NO;
				DEBUG_INFORMATION_FORMAT = dwarf;
				ENABLE_STRICT_OBJC_MSGSEND = YES;
				ENABLE_TESTABILITY = YES;
				GCC_C_LANGUAGE_STANDARD = gnu99;
				GCC_DYNAMIC_NO_PIC = NO;
				GCC_NO_COMMON_BLOCKS = YES;
				GCC_OPTIMIZATION_LEVEL = 0;
				GCC_PREPROCESSOR_DEFINITIONS = (
					"DEBUG=1",
					"$(inherited)",
				);
				GCC_WARN_64_TO_32_BIT_CONVERSION = YES;
				GCC_WARN_ABOUT_RETURN_TYPE = YES_ERROR;
				GCC_WARN_UNDECLARED_SELECTOR = YES;
				GCC_WARN_UNINITIALIZED_AUTOS = YES_AGGRESSIVE;
				GCC_WARN_UNUSED_FUNCTION = YES;
				GCC_WARN_UNUSED_VARIABLE = YES;
				IPHONEOS_DEPLOYMENT_TARGET = 10.2;
				MTL_ENABLE_DEBUG_INFO = YES;
				ONLY_ACTIVE_ARCH = YES;
				SDKROOT = iphoneos;
				SWIFT_ACTIVE_COMPILATION_CONDITIONS = DEBUG;
				SWIFT_OPTIMIZATION_LEVEL = "-Onone";
				TARGETED_DEVICE_FAMILY = "1,2";
			};
			name = Debug;
		};
		53ECC8A71E600DB50095D5C9 /* Release */ = {
			isa = XCBuildConfiguration;
			buildSettings = {
				ALWAYS_SEARCH_USER_PATHS = NO;
				CLANG_ANALYZER_NONNULL = YES;
				CLANG_CXX_LANGUAGE_STANDARD = "gnu++0x";
				CLANG_CXX_LIBRARY = "libc++";
				CLANG_ENABLE_MODULES = YES;
				CLANG_ENABLE_OBJC_ARC = YES;
				CLANG_WARN_BOOL_CONVERSION = YES;
				CLANG_WARN_CONSTANT_CONVERSION = YES;
				CLANG_WARN_DIRECT_OBJC_ISA_USAGE = YES_ERROR;
				CLANG_WARN_DOCUMENTATION_COMMENTS = YES;
				CLANG_WARN_EMPTY_BODY = YES;
				CLANG_WARN_ENUM_CONVERSION = YES;
				CLANG_WARN_INFINITE_RECURSION = YES;
				CLANG_WARN_INT_CONVERSION = YES;
				CLANG_WARN_OBJC_ROOT_CLASS = YES_ERROR;
				CLANG_WARN_SUSPICIOUS_MOVE = YES;
				CLANG_WARN_UNREACHABLE_CODE = YES;
				CLANG_WARN__DUPLICATE_METHOD_MATCH = YES;
				"CODE_SIGN_IDENTITY[sdk=iphoneos*]" = "iPhone Developer";
				COPY_PHASE_STRIP = NO;
				DEBUG_INFORMATION_FORMAT = "dwarf-with-dsym";
				ENABLE_NS_ASSERTIONS = NO;
				ENABLE_STRICT_OBJC_MSGSEND = YES;
				GCC_C_LANGUAGE_STANDARD = gnu99;
				GCC_NO_COMMON_BLOCKS = YES;
				GCC_WARN_64_TO_32_BIT_CONVERSION = YES;
				GCC_WARN_ABOUT_RETURN_TYPE = YES_ERROR;
				GCC_WARN_UNDECLARED_SELECTOR = YES;
				GCC_WARN_UNINITIALIZED_AUTOS = YES_AGGRESSIVE;
				GCC_WARN_UNUSED_FUNCTION = YES;
				GCC_WARN_UNUSED_VARIABLE = YES;
				IPHONEOS_DEPLOYMENT_TARGET = 10.2;
				MTL_ENABLE_DEBUG_INFO = NO;
				SDKROOT = iphoneos;
				SWIFT_OPTIMIZATION_LEVEL = "-Owholemodule";
				TARGETED_DEVICE_FAMILY = "1,2";
				VALIDATE_PRODUCT = YES;
			};
			name = Release;
		};
		53ECC8A91E600DB50095D5C9 /* Debug */ = {
			isa = XCBuildConfiguration;
			buildSettings = {
				ASSETCATALOG_COMPILER_APPICON_NAME = AppIcon;
				DEVELOPMENT_TEAM = J58QF9TXDQ;
				INFOPLIST_FILE = PokemonApp/Info.plist;
				LD_RUNPATH_SEARCH_PATHS = "$(inherited) @executable_path/Frameworks";
				PRODUCT_BUNDLE_IDENTIFIER = com.idara09.PokemonApp;
				PRODUCT_NAME = "$(TARGET_NAME)";
				SWIFT_VERSION = 3.0;
			};
			name = Debug;
		};
		53ECC8AA1E600DB50095D5C9 /* Release */ = {
			isa = XCBuildConfiguration;
			buildSettings = {
				ASSETCATALOG_COMPILER_APPICON_NAME = AppIcon;
				DEVELOPMENT_TEAM = J58QF9TXDQ;
				INFOPLIST_FILE = PokemonApp/Info.plist;
				LD_RUNPATH_SEARCH_PATHS = "$(inherited) @executable_path/Frameworks";
				PRODUCT_BUNDLE_IDENTIFIER = com.idara09.PokemonApp;
				PRODUCT_NAME = "$(TARGET_NAME)";
				SWIFT_VERSION = 3.0;
			};
			name = Release;
		};
/* End XCBuildConfiguration section */

/* Begin XCConfigurationList section */
		53ECC8911E600DB50095D5C9 /* Build configuration list for PBXProject "PokemonApp" */ = {
			isa = XCConfigurationList;
			buildConfigurations = (
				53ECC8A61E600DB50095D5C9 /* Debug */,
				53ECC8A71E600DB50095D5C9 /* Release */,
			);
			defaultConfigurationIsVisible = 0;
			defaultConfigurationName = Release;
		};
		53ECC8A81E600DB50095D5C9 /* Build configuration list for PBXNativeTarget "PokemonApp" */ = {
			isa = XCConfigurationList;
			buildConfigurations = (
				53ECC8A91E600DB50095D5C9 /* Debug */,
				53ECC8AA1E600DB50095D5C9 /* Release */,
			);
			defaultConfigurationIsVisible = 0;
			defaultConfigurationName = Release;
		};
/* End XCConfigurationList section */
	};
	rootObject = 53ECC88E1E600DB50095D5C9 /* Project object */;
}
